
Microsoft Visual Studio Solution File, Format Version 12.00
# Visual Studio 2012
Project("{8BC9CEB8-8B4A-11D0-8D11-00A0C91BC942}") = "DirectXRenderer", "DirectXRenderer\DirectXRenderer.vcxproj", "{B2A255CB-EFB2-489D-8E86-D747BAFEC39C}"
EndProject
Project("{8BC9CEB8-8B4A-11D0-8D11-00A0C91BC942}") = "GraphicsDemo", "GraphicsDemo\GraphicsDemo.vcxproj", "{A9D12B28-1E26-430D-A539-8337B9DEE3D8}"
	ProjectSection(ProjectDependencies) = postProject
		{B2A255CB-EFB2-489D-8E86-D747BAFEC39C} = {B2A255CB-EFB2-489D-8E86-D747BAFEC39C}
	EndProjectSection
EndProject
Global
	GlobalSection(SolutionConfigurationPlatforms) = preSolution
		Debug|Win32 = Debug|Win32
		Release|Win32 = Release|Win32
	EndGlobalSection
	GlobalSection(ProjectConfigurationPlatforms) = postSolution
		{B2A255CB-EFB2-489D-8E86-D747BAFEC39C}.Debug|Win32.ActiveCfg = Debug|Win32
		{B2A255CB-EFB2-489D-8E86-D747BAFEC39C}.Debug|Win32.Build.0 = Debug|Win32
		{B2A255CB-EFB2-489D-8E86-D747BAFEC39C}.Release|Win32.ActiveCfg = Release|Win32
		{B2A255CB-EFB2-489D-8E86-D747BAFEC39C}.Release|Win32.Build.0 = Release|Win32
		{A9D12B28-1E26-430D-A539-8337B9DEE3D8}.Debug|Win32.ActiveCfg = Debug|Win32
		{A9D12B28-1E26-430D-A539-8337B9DEE3D8}.Debug|Win32.Build.0 = Debug|Win32
		{A9D12B28-1E26-430D-A539-8337B9DEE3D8}.Release|Win32.ActiveCfg = Release|Win32
		{A9D12B28-1E26-430D-A539-8337B9DEE3D8}.Release|Win32.Build.0 = Release|Win32
	EndGlobalSection
	GlobalSection(SolutionProperties) = preSolution
		HideSolutionNode = FALSE
	EndGlobalSection
EndGlobal
